{
    "_readme": [
        "This file locks the dependencies of your project to a known state",
        "Read more about it at https://getcomposer.org/doc/01-basic-usage.md#installing-dependencies",
        "This file is @generated automatically"
    ],
    "content-hash": "461fe12a61712f7d643c06e4bda18435",
    "packages": [
        {
            "name": "symfony/flex",
            "version": "v2.7.1",
            "source": {
                "type": "git",
                "url": "https://github.com/symfony/flex.git",
                "reference": "4ae50d368415a06820739e54d38a4a29d6df9155"
            },
            "dist": {
                "type": "zip",
                "url": "https://api.github.com/repos/symfony/flex/zipball/4ae50d368415a06820739e54d38a4a29d6df9155",
                "reference": "4ae50d368415a06820739e54d38a4a29d6df9155",
                "shasum": ""
            },
            "require": {
                "composer-plugin-api": "^2.1",
                "php": ">=8.0"
            },
            "conflict": {
                "composer/semver": "<1.7.2"
            },
            "require-dev": {
                "composer/composer": "^2.1",
                "symfony/dotenv": "^5.4|^6.0",
                "symfony/filesystem": "^5.4|^6.0",
                "symfony/phpunit-bridge": "^5.4|^6.0",
                "symfony/process": "^5.4|^6.0"
            },
            "type": "composer-plugin",
            "extra": {
                "class": "Symfony\\Flex\\Flex"
            },
            "autoload": {
                "psr-4": {
                    "Symfony\\Flex\\": "src"
                }
            },
            "notification-url": "https://packagist.org/downloads/",
            "license": [
                "MIT"
            ],
            "authors": [
                {
                    "name": "Fabien Potencier",
                    "email": "fabien.potencier@gmail.com"
                }
            ],
            "description": "Composer plugin for Symfony",
            "support": {
                "issues": "https://github.com/symfony/flex/issues",
                "source": "https://github.com/symfony/flex/tree/v2.7.1"
            },
            "funding": [
                {
                    "url": "https://symfony.com/sponsor",
                    "type": "custom"
                },
                {
                    "url": "https://github.com/fabpot",
                    "type": "github"
                },
                {
                    "url": "https://tidelift.com/funding/github/packagist/symfony/symfony",
                    "type": "tidelift"
                }
            ],
            "time": "2025-05-28T14:22:54+00:00"
        },
        {
            "name": "symfony/skeleton",
            "version": "v7.3.99",
            "source": {
                "type": "git",
                "url": "https://github.com/symfony/skeleton.git",
                "reference": "c7e48b636a4139ca52fc050106a37fa0e64da56f"
            },
            "dist": {
                "type": "zip",
                "url": "https://api.github.com/repos/symfony/skeleton/zipball/c7e48b636a4139ca52fc050106a37fa0e64da56f",
                "reference": "c7e48b636a4139ca52fc050106a37fa0e64da56f",
                "shasum": ""
            },
            "require": {
                "ext-ctype": "*",
                "ext-iconv": "*",
                "php": ">=8.2",
                "symfony/flex": "^2"
            },
            "conflict": {
                "symfony/symfony": "*"
            },
            "replace": {
                "symfony/polyfill-ctype": "*",
                "symfony/polyfill-iconv": "*",
                "symfony/polyfill-php72": "*",
                "symfony/polyfill-php73": "*",
                "symfony/polyfill-php74": "*",
                "symfony/polyfill-php80": "*",
                "symfony/polyfill-php81": "*",
                "symfony/polyfill-php82": "*"
            },
            "type": "project",
            "extra": {
                "symfony": {
                    "require": "7.3.*",
                    "allow-contrib": false
                }
            },
            "autoload": {
                "psr-4": {
                    "App\\": "src/"
                }
            },
            "notification-url": "https://packagist.org/downloads/",
            "license": [
                "MIT"
            ],
            "description": "A minimal Symfony project recommended to create bare bones applications",
            "support": {
                "issues": "https://github.com/symfony/skeleton/issues",
                "source": "https://github.com/symfony/skeleton/tree/v7.3.99"
            },
            "funding": [
                {
                    "url": "https://symfony.com/sponsor",
                    "type": "custom"
                },
                {
                    "url": "https://github.com/fabpot",
                    "type": "github"
                },
                {
                    "url": "https://tidelift.com/funding/github/packagist/symfony/symfony",
                    "type": "tidelift"
                }
            ],
            "time": "2025-05-29T08:09:12+00:00"
        }
    ],
    "packages-dev": [],
    "aliases": [],
    "minimum-stability": "stable",
    "stability-flags": {},
    "prefer-stable": false,
    "prefer-lowest": false,
    "platform": {},
    "platform-dev": {},
    "plugin-api-version": "2.6.0"
}
